PODS:
  - Menuator (0.0.1):
    - SnapKit (~> 4.0.0)
  - Nimble (7.0.2)
  - Quick (1.2.0)
  - SnapKit (4.0.0)
  - SpecTools (1.0.2)

DEPENDENCIES:
  - Menuator (from `../`)
  - Nimble
  - Quick
  - SnapKit (~> 4.0.0)
  - SpecTools (~> 1.0.2)

EXTERNAL SOURCES:
  Menuator:
    :path: ../

SPEC CHECKSUMS:
  Menuator: 1a79148b126c67d154bad3b1a2c509e57e7c2e17
  Nimble: bfe1f814edabba69ff145cb1283e04ed636a67f2
  Quick: 58d203b1c5e27fff7229c4c1ae445ad7069a7a08
  SnapKit: a42d492c16e80209130a3379f73596c3454b7694
  SpecTools: 77474921254b23ea50bb80f8763214f41d9d63c5

PODFILE CHECKSUM: 6f253a48914635c5013091bf651d4d7338296610

COCOAPODS: 1.4.0.beta.2
